// !$*UTF8*$!
{
	archiveVersion = 1;
	classes = {
	};
	objectVersion = 51;
	objects = {

/* Begin PBXBuildFile section */
		A109512F24E12CF1007AF8F5 /* AppDelegate.swift in Sources */ = {isa = PBXBuildFile; fileRef = A109512E24E12CF1007AF8F5 /* AppDelegate.swift */; };
		A109513124E12CF1007AF8F5 /* SceneDelegate.swift in Sources */ = {isa = PBXBuildFile; fileRef = A109513024E12CF1007AF8F5 /* SceneDelegate.swift */; };
		A109513324E12CF1007AF8F5 /* ContentView.swift in Sources */ = {isa = PBXBuildFile; fileRef = A109513224E12CF1007AF8F5 /* ContentView.swift */; };
		A109513524E12CF2007AF8F5 /* Assets.xcassets in Resources */ = {isa = PBXBuildFile; fileRef = A109513424E12CF2007AF8F5 /* Assets.xcassets */; };
		A109513824E12CF2007AF8F5 /* Preview Assets.xcassets in Resources */ = {isa = PBXBuildFile; fileRef = A109513724E12CF2007AF8F5 /* Preview Assets.xcassets */; };
		A109513B24E12CF2007AF8F5 /* LaunchScreen.storyboard in Resources */ = {isa = PBXBuildFile; fileRef = A109513924E12CF2007AF8F5 /* LaunchScreen.storyboard */; };
		A13B86AD24F3A27C002132A4 /* User.swift in Sources */ = {isa = PBXBuildFile; fileRef = A13B86AC24F3A27C002132A4 /* User.swift */; };
		A13B86AF24F3A32C002132A4 /* UserListViewModel.swift in Sources */ = {isa = PBXBuildFile; fileRef = A13B86AE24F3A32C002132A4 /* UserListViewModel.swift */; };
		A13B86B124F3A33B002132A4 /* UserDetailViewModel.swift in Sources */ = {isa = PBXBuildFile; fileRef = A13B86B024F3A33B002132A4 /* UserDetailViewModel.swift */; };
		A13B86B324F3A4A6002132A4 /* UserListView.swift in Sources */ = {isa = PBXBuildFile; fileRef = A13B86B224F3A4A6002132A4 /* UserListView.swift */; };
		A13B86B524F3A4BC002132A4 /* UserDetailView.swift in Sources */ = {isa = PBXBuildFile; fileRef = A13B86B424F3A4BC002132A4 /* UserDetailView.swift */; };
		A13B86B724F3A627002132A4 /* UserItemView.swift in Sources */ = {isa = PBXBuildFile; fileRef = A13B86B624F3A627002132A4 /* UserItemView.swift */; };
		A13B86BA24F3BA09002132A4 /* UserListResponse.swift in Sources */ = {isa = PBXBuildFile; fileRef = A13B86B924F3BA09002132A4 /* UserListResponse.swift */; };
		A13B86BC24F3BBBD002132A4 /* UserDetailResponse.swift in Sources */ = {isa = PBXBuildFile; fileRef = A13B86BB24F3BBBD002132A4 /* UserDetailResponse.swift */; };
		A13B86BE24F3D0A0002132A4 /* ImageLoader.swift in Sources */ = {isa = PBXBuildFile; fileRef = A13B86BD24F3D0A0002132A4 /* ImageLoader.swift */; };
		A13B86C124F3D15D002132A4 /* ImageView.swift in Sources */ = {isa = PBXBuildFile; fileRef = A13B86C024F3D15D002132A4 /* ImageView.swift */; };
		CB9C9EE9D96EDF3E422E2991 /* Pods_ReqresApp.framework in Frameworks */ = {isa = PBXBuildFile; fileRef = 9BD9576253224EEDC599FD52 /* Pods_ReqresApp.framework */; };
/* End PBXBuildFile section */

/* Begin PBXFileReference section */
		57005435D171D9BA8CA9340D /* Pods-ReqresApp.debug.xcconfig */ = {isa = PBXFileReference; includeInIndex = 1; lastKnownFileType = text.xcconfig; name = "Pods-ReqresApp.debug.xcconfig"; path = "Target Support Files/Pods-ReqresApp/Pods-ReqresApp.debug.xcconfig"; sourceTree = "<group>"; };
		9BD9576253224EEDC599FD52 /* Pods_ReqresApp.framework */ = {isa = PBXFileReference; explicitFileType = wrapper.framework; includeInIndex = 0; path = Pods_ReqresApp.framework; sourceTree = BUILT_PRODUCTS_DIR; };
		A109512B24E12CF1007AF8F5 /* ReqresApp.app */ = {isa = PBXFileReference; explicitFileType = wrapper.application; includeInIndex = 0; path = ReqresApp.app; sourceTree = BUILT_PRODUCTS_DIR; };
		A109512E24E12CF1007AF8F5 /* AppDelegate.swift */ = {isa = PBXFileReference; lastKnownFileType = sourcecode.swift; path = AppDelegate.swift; sourceTree = "<group>"; };
		A109513024E12CF1007AF8F5 /* SceneDelegate.swift */ = {isa = PBXFileReference; lastKnownFileType = sourcecode.swift; path = SceneDelegate.swift; sourceTree = "<group>"; };
		A109513224E12CF1007AF8F5 /* ContentView.swift */ = {isa = PBXFileReference; lastKnownFileType = sourcecode.swift; path = ContentView.swift; sourceTree = "<group>"; };
		A109513424E12CF2007AF8F5 /* Assets.xcassets */ = {isa = PBXFileReference; lastKnownFileType = folder.assetcatalog; path = Assets.xcassets; sourceTree = "<group>"; };
		A109513724E12CF2007AF8F5 /* Preview Assets.xcassets */ = {isa = PBXFileReference; lastKnownFileType = folder.assetcatalog; path = "Preview Assets.xcassets"; sourceTree = "<group>"; };
		A109513A24E12CF2007AF8F5 /* Base */ = {isa = PBXFileReference; lastKnownFileType = file.storyboard; name = Base; path = Base.lproj/LaunchScreen.storyboard; sourceTree = "<group>"; };
		A109513C24E12CF2007AF8F5 /* Info.plist */ = {isa = PBXFileReference; lastKnownFileType = text.plist.xml; path = Info.plist; sourceTree = "<group>"; };
		A13B86AC24F3A27C002132A4 /* User.swift */ = {isa = PBXFileReference; lastKnownFileType = sourcecode.swift; path = User.swift; sourceTree = "<group>"; };
		A13B86AE24F3A32C002132A4 /* UserListViewModel.swift */ = {isa = PBXFileReference; lastKnownFileType = sourcecode.swift; path = UserListViewModel.swift; sourceTree = "<group>"; };
		A13B86B024F3A33B002132A4 /* UserDetailViewModel.swift */ = {isa = PBXFileReference; lastKnownFileType = sourcecode.swift; path = UserDetailViewModel.swift; sourceTree = "<group>"; };
		A13B86B224F3A4A6002132A4 /* UserListView.swift */ = {isa = PBXFileReference; lastKnownFileType = sourcecode.swift; path = UserListView.swift; sourceTree = "<group>"; };
		A13B86B424F3A4BC002132A4 /* UserDetailView.swift */ = {isa = PBXFileReference; lastKnownFileType = sourcecode.swift; path = UserDetailView.swift; sourceTree = "<group>"; };
		A13B86B624F3A627002132A4 /* UserItemView.swift */ = {isa = PBXFileReference; lastKnownFileType = sourcecode.swift; path = UserItemView.swift; sourceTree = "<group>"; };
		A13B86B924F3BA09002132A4 /* UserListResponse.swift */ = {isa = PBXFileReference; lastKnownFileType = sourcecode.swift; path = UserListResponse.swift; sourceTree = "<group>"; };
		A13B86BB24F3BBBD002132A4 /* UserDetailResponse.swift */ = {isa = PBXFileReference; lastKnownFileType = sourcecode.swift; path = UserDetailResponse.swift; sourceTree = "<group>"; };
		A13B86BD24F3D0A0002132A4 /* ImageLoader.swift */ = {isa = PBXFileReference; lastKnownFileType = sourcecode.swift; path = ImageLoader.swift; sourceTree = "<group>"; };
		A13B86C024F3D15D002132A4 /* ImageView.swift */ = {isa = PBXFileReference; lastKnownFileType = sourcecode.swift; path = ImageView.swift; sourceTree = "<group>"; };
		EE12409A0F1E202CCFD51059 /* Pods-ReqresApp.release.xcconfig */ = {isa = PBXFileReference; includeInIndex = 1; lastKnownFileType = text.xcconfig; name = "Pods-ReqresApp.release.xcconfig"; path = "Target Support Files/Pods-ReqresApp/Pods-ReqresApp.release.xcconfig"; sourceTree = "<group>"; };
/* End PBXFileReference section */

/* Begin PBXFrameworksBuildPhase section */
		A109512824E12CF1007AF8F5 /* Frameworks */ = {
			isa = PBXFrameworksBuildPhase;
			buildActionMask = 2147483647;
			files = (
				CB9C9EE9D96EDF3E422E2991 /* Pods_ReqresApp.framework in Frameworks */,
			);
			runOnlyForDeploymentPostprocessing = 0;
		};
/* End PBXFrameworksBuildPhase section */

/* Begin PBXGroup section */
		63F69035B8AD1B90EEFAC318 /* Frameworks */ = {
			isa = PBXGroup;
			children = (
				9BD9576253224EEDC599FD52 /* Pods_ReqresApp.framework */,
			);
			name = Frameworks;
			sourceTree = "<group>";
		};
		9919CDDF42BA1E8E059C651B /* Pods */ = {
			isa = PBXGroup;
			children = (
				57005435D171D9BA8CA9340D /* Pods-ReqresApp.debug.xcconfig */,
				EE12409A0F1E202CCFD51059 /* Pods-ReqresApp.release.xcconfig */,
			);
			path = Pods;
			sourceTree = "<group>";
		};
		A109512224E12CF1007AF8F5 = {
			isa = PBXGroup;
			children = (
				A109512D24E12CF1007AF8F5 /* ReqresApp */,
				A109512C24E12CF1007AF8F5 /* Products */,
				9919CDDF42BA1E8E059C651B /* Pods */,
				63F69035B8AD1B90EEFAC318 /* Frameworks */,
			);
			sourceTree = "<group>";
		};
		A109512C24E12CF1007AF8F5 /* Products */ = {
			isa = PBXGroup;
			children = (
				A109512B24E12CF1007AF8F5 /* ReqresApp.app */,
			);
			name = Products;
			sourceTree = "<group>";
		};
		A109512D24E12CF1007AF8F5 /* ReqresApp */ = {
			isa = PBXGroup;
			children = (
				A13B86BF24F3D14E002132A4 /* utils */,
				A13B86B824F3A917002132A4 /* api */,
				A13B86AB24F39D2B002132A4 /* Views */,
				A13B86AA24F39D20002132A4 /* ViewModels */,
				A13B86A924F39D0A002132A4 /* Models */,
				A109512E24E12CF1007AF8F5 /* AppDelegate.swift */,
				A109513024E12CF1007AF8F5 /* SceneDelegate.swift */,
				A109513224E12CF1007AF8F5 /* ContentView.swift */,
				A109513424E12CF2007AF8F5 /* Assets.xcassets */,
				A109513924E12CF2007AF8F5 /* LaunchScreen.storyboard */,
				A109513C24E12CF2007AF8F5 /* Info.plist */,
				A109513624E12CF2007AF8F5 /* Preview Content */,
			);
			path = ReqresApp;
			sourceTree = "<group>";
		};
		A109513624E12CF2007AF8F5 /* Preview Content */ = {
			isa = PBXGroup;
			children = (
				A109513724E12CF2007AF8F5 /* Preview Assets.xcassets */,
			);
			path = "Preview Content";
			sourceTree = "<group>";
		};
		A13B86A924F39D0A002132A4 /* Models */ = {
			isa = PBXGroup;
			children = (
				A13B86AC24F3A27C002132A4 /* User.swift */,
			);
			path = Models;
			sourceTree = "<group>";
		};
		A13B86AA24F39D20002132A4 /* ViewModels */ = {
			isa = PBXGroup;
			children = (
				A13B86AE24F3A32C002132A4 /* UserListViewModel.swift */,
				A13B86B024F3A33B002132A4 /* UserDetailViewModel.swift */,
			);
			path = ViewModels;
			sourceTree = "<group>";
		};
		A13B86AB24F39D2B002132A4 /* Views */ = {
			isa = PBXGroup;
			children = (
				A13B86B224F3A4A6002132A4 /* UserListView.swift */,
				A13B86B424F3A4BC002132A4 /* UserDetailView.swift */,
				A13B86B624F3A627002132A4 /* UserItemView.swift */,
				A13B86C024F3D15D002132A4 /* ImageView.swift */,
			);
			path = Views;
			sourceTree = "<group>";
		};
		A13B86B824F3A917002132A4 /* api */ = {
			isa = PBXGroup;
			children = (
				A13B86B924F3BA09002132A4 /* UserListResponse.swift */,
				A13B86BB24F3BBBD002132A4 /* UserDetailResponse.swift */,
			);
			path = api;
			sourceTree = "<group>";
		};
		A13B86BF24F3D14E002132A4 /* utils */ = {
			isa = PBXGroup;
			children = (
				A13B86BD24F3D0A0002132A4 /* ImageLoader.swift */,
			);
			path = utils;
			sourceTree = "<group>";
		};
/* End PBXGroup section */

/* Begin PBXNativeTarget section */
		A109512A24E12CF1007AF8F5 /* ReqresApp */ = {
			isa = PBXNativeTarget;
			buildConfigurationList = A109513F24E12CF2007AF8F5 /* Build configuration list for PBXNativeTarget "ReqresApp" */;
			buildPhases = (
				CC16DB22001E5C7FC53354F7 /* [CP] Check Pods Manifest.lock */,
				A109512724E12CF1007AF8F5 /* Sources */,
				A109512824E12CF1007AF8F5 /* Frameworks */,
				A109512924E12CF1007AF8F5 /* Resources */,
				6847F6D2EF91DDB20896293B /* [CP] Embed Pods Frameworks */,
			);
			buildRules = (
			);
			dependencies = (
			);
			name = ReqresApp;
			productName = ReqresApp;
			productReference = A109512B24E12CF1007AF8F5 /* ReqresApp.app */;
			productType = "com.apple.product-type.application";
		};
/* End PBXNativeTarget section */

/* Begin PBXProject section */
		A109512324E12CF1007AF8F5 /* Project object */ = {
			isa = PBXProject;
			attributes = {
				LastSwiftUpdateCheck = 1130;
				LastUpgradeCheck = 1130;
				ORGANIZATIONNAME = "Jozef Budac";
				TargetAttributes = {
					A109512A24E12CF1007AF8F5 = {
						CreatedOnToolsVersion = 11.3.1;
					};
				};
			};
			buildConfigurationList = A109512624E12CF1007AF8F5 /* Build configuration list for PBXProject "ReqresApp" */;
			compatibilityVersion = "Xcode 9.3";
			developmentRegion = en;
			hasScannedForEncodings = 0;
			knownRegions = (
				en,
				Base,
			);
			mainGroup = A109512224E12CF1007AF8F5;
			productRefGroup = A109512C24E12CF1007AF8F5 /* Products */;
			projectDirPath = "";
			projectRoot = "";
			targets = (
				A109512A24E12CF1007AF8F5 /* ReqresApp */,
			);
		};
/* End PBXProject section */

/* Begin PBXResourcesBuildPhase section */
		A109512924E12CF1007AF8F5 /* Resources */ = {
			isa = PBXResourcesBuildPhase;
			buildActionMask = 2147483647;
			files = (
				A109513B24E12CF2007AF8F5 /* LaunchScreen.storyboard in Resources */,
				A109513824E12CF2007AF8F5 /* Preview Assets.xcassets in Resources */,
				A109513524E12CF2007AF8F5 /* Assets.xcassets in Resources */,
			);
			runOnlyForDeploymentPostprocessing = 0;
		};
/* End PBXResourcesBuildPhase section */

/* Begin PBXShellScriptBuildPhase section */
		6847F6D2EF91DDB20896293B /* [CP] Embed Pods Frameworks */ = {
			isa = PBXShellScriptBuildPhase;
			buildActionMask = 2147483647;
			files = (
			);
			inputFileListPaths = (
				"${PODS_ROOT}/Target Support Files/Pods-ReqresApp/Pods-ReqresApp-frameworks-${CONFIGURATION}-input-files.xcfilelist",
			);
			name = "[CP] Embed Pods Frameworks";
			outputFileListPaths = (
				"${PODS_ROOT}/Target Support Files/Pods-ReqresApp/Pods-ReqresApp-frameworks-${CONFIGURATION}-output-files.xcfilelist",
			);
			runOnlyForDeploymentPostprocessing = 0;
			shellPath = /bin/sh;
			shellScript = "\"${PODS_ROOT}/Target Support Files/Pods-ReqresApp/Pods-ReqresApp-frameworks.sh\"\n";
			showEnvVarsInLog = 0;
		};
		CC16DB22001E5C7FC53354F7 /* [CP] Check Pods Manifest.lock */ = {
			isa = PBXShellScriptBuildPhase;
			buildActionMask = 2147483647;
			files = (
			);
			inputFileListPaths = (
			);
			inputPaths = (
				"${PODS_PODFILE_DIR_PATH}/Podfile.lock",
				"${PODS_ROOT}/Manifest.lock",
			);
			name = "[CP] Check Pods Manifest.lock";
			outputFileListPaths = (
			);
			outputPaths = (
				"$(DERIVED_FILE_DIR)/Pods-ReqresApp-checkManifestLockResult.txt",
			);
			runOnlyForDeploymentPostprocessing = 0;
			shellPath = /bin/sh;
			shellScript = "diff \"${PODS_PODFILE_DIR_PATH}/Podfile.lock\" \"${PODS_ROOT}/Manifest.lock\" > /dev/null\nif [ $? != 0 ] ; then\n    # print error to STDERR\n    echo \"error: The sandbox is not in sync with the Podfile.lock. Run 'pod install' or update your CocoaPods installation.\" >&2\n    exit 1\nfi\n# This output is used by Xcode 'outputs' to avoid re-running this script phase.\necho \"SUCCESS\" > \"${SCRIPT_OUTPUT_FILE_0}\"\n";
			showEnvVarsInLog = 0;
		};
/* End PBXShellScriptBuildPhase section */

/* Begin PBXSourcesBuildPhase section */
		A109512724E12CF1007AF8F5 /* Sources */ = {
			isa = PBXSourcesBuildPhase;
			buildActionMask = 2147483647;
			files = (
				A13B86B324F3A4A6002132A4 /* UserListView.swift in Sources */,
				A13B86BC24F3BBBD002132A4 /* UserDetailResponse.swift in Sources */,
				A13B86BE24F3D0A0002132A4 /* ImageLoader.swift in Sources */,
				A13B86B124F3A33B002132A4 /* UserDetailViewModel.swift in Sources */,
				A13B86C124F3D15D002132A4 /* ImageView.swift in Sources */,
				A13B86AD24F3A27C002132A4 /* User.swift in Sources */,
				A109512F24E12CF1007AF8F5 /* AppDelegate.swift in Sources */,
				A13B86B524F3A4BC002132A4 /* UserDetailView.swift in Sources */,
				A13B86BA24F3BA09002132A4 /* UserListResponse.swift in Sources */,
				A109513124E12CF1007AF8F5 /* SceneDelegate.swift in Sources */,
				A109513324E12CF1007AF8F5 /* ContentView.swift in Sources */,
				A13B86AF24F3A32C002132A4 /* UserListViewModel.swift in Sources */,
				A13B86B724F3A627002132A4 /* UserItemView.swift in Sources */,
			);
			runOnlyForDeploymentPostprocessing = 0;
		};
/* End PBXSourcesBuildPhase section */

/* Begin PBXVariantGroup section */
		A109513924E12CF2007AF8F5 /* LaunchScreen.storyboard */ = {
			isa = PBXVariantGroup;
			children = (
				A109513A24E12CF2007AF8F5 /* Base */,
			);
			name = LaunchScreen.storyboard;
			sourceTree = "<group>";
		};
/* End PBXVariantGroup section */

/* Begin XCBuildConfiguration section */
		A109513D24E12CF2007AF8F5 /* Debug */ = {
			isa = XCBuildConfiguration;
			buildSettings = {
				ALWAYS_SEARCH_USER_PATHS = NO;
				CLANG_ANALYZER_NONNULL = YES;
				CLANG_ANALYZER_NUMBER_OBJECT_CONVERSION = YES_AGGRESSIVE;
				CLANG_CXX_LANGUAGE_STANDARD = "gnu++14";
				CLANG_CXX_LIBRARY = "libc++";
				CLANG_ENABLE_MODULES = YES;
				CLANG_ENABLE_OBJC_ARC = YES;
				CLANG_ENABLE_OBJC_WEAK = YES;
				CLANG_WARN_BLOCK_CAPTURE_AUTORELEASING = YES;
				CLANG_WARN_BOOL_CONVERSION = YES;
				CLANG_WARN_COMMA = YES;
				CLANG_WARN_CONSTANT_CONVERSION = YES;
				CLANG_WARN_DEPRECATED_OBJC_IMPLEMENTATIONS = YES;
				CLANG_WARN_DIRECT_OBJC_ISA_USAGE = YES_ERROR;
				CLANG_WARN_DOCUMENTATION_COMMENTS = YES;
				CLANG_WARN_EMPTY_BODY = YES;
				CLANG_WARN_ENUM_CONVERSION = YES;
				CLANG_WARN_INFINITE_RECURSION = YES;
				CLANG_WARN_INT_CONVERSION = YES;
				CLANG_WARN_NON_LITERAL_NULL_CONVERSION = YES;
				CLANG_WARN_OBJC_IMPLICIT_RETAIN_SELF = YES;
				CLANG_WARN_OBJC_LITERAL_CONVERSION = YES;
				CLANG_WARN_OBJC_ROOT_CLASS = YES_ERROR;
				CLANG_WARN_RANGE_LOOP_ANALYSIS = YES;
				CLANG_WARN_STRICT_PROTOTYPES = YES;
				CLANG_WARN_SUSPICIOUS_MOVE = YES;
				CLANG_WARN_UNGUARDED_AVAILABILITY = YES_AGGRESSIVE;
				CLANG_WARN_UNREACHABLE_CODE = YES;
				CLANG_WARN__DUPLICATE_METHOD_MATCH = YES;
				COPY_PHASE_STRIP = NO;
				DEBUG_INFORMATION_FORMAT = dwarf;
				ENABLE_STRICT_OBJC_MSGSEND = YES;
				ENABLE_TESTABILITY = YES;
				GCC_C_LANGUAGE_STANDARD = gnu11;
				GCC_DYNAMIC_NO_PIC = NO;
				GCC_NO_COMMON_BLOCKS = YES;
				GCC_OPTIMIZATION_LEVEL = 0;
				GCC_PREPROCESSOR_DEFINITIONS = (
					"DEBUG=1",
					"$(inherited)",
				);
				GCC_WARN_64_TO_32_BIT_CONVERSION = YES;
				GCC_WARN_ABOUT_RETURN_TYPE = YES_ERROR;
				GCC_WARN_UNDECLARED_SELECTOR = YES;
				GCC_WARN_UNINITIALIZED_AUTOS = YES_AGGRESSIVE;
				GCC_WARN_UNUSED_FUNCTION = YES;
				GCC_WARN_UNUSED_VARIABLE = YES;
				IPHONEOS_DEPLOYMENT_TARGET = 13.2;
				MTL_ENABLE_DEBUG_INFO = INCLUDE_SOURCE;
				MTL_FAST_MATH = YES;
				ONLY_ACTIVE_ARCH = YES;
				SDKROOT = iphoneos;
				SWIFT_ACTIVE_COMPILATION_CONDITIONS = DEBUG;
				SWIFT_OPTIMIZATION_LEVEL = "-Onone";
			};
			name = Debug;
		};
		A109513E24E12CF2007AF8F5 /* Release */ = {
			isa = XCBuildConfiguration;
			buildSettings = {
				ALWAYS_SEARCH_USER_PATHS = NO;
				CLANG_ANALYZER_NONNULL = YES;
				CLANG_ANALYZER_NUMBER_OBJECT_CONVERSION = YES_AGGRESSIVE;
				CLANG_CXX_LANGUAGE_STANDARD = "gnu++14";
				CLANG_CXX_LIBRARY = "libc++";
				CLANG_ENABLE_MODULES = YES;
				CLANG_ENABLE_OBJC_ARC = YES;
				CLANG_ENABLE_OBJC_WEAK = YES;
				CLANG_WARN_BLOCK_CAPTURE_AUTORELEASING = YES;
				CLANG_WARN_BOOL_CONVERSION = YES;
				CLANG_WARN_COMMA = YES;
				CLANG_WARN_CONSTANT_CONVERSION = YES;
				CLANG_WARN_DEPRECATED_OBJC_IMPLEMENTATIONS = YES;
				CLANG_WARN_DIRECT_OBJC_ISA_USAGE = YES_ERROR;
				CLANG_WARN_DOCUMENTATION_COMMENTS = YES;
				CLANG_WARN_EMPTY_BODY = YES;
				CLANG_WARN_ENUM_CONVERSION = YES;
				CLANG_WARN_INFINITE_RECURSION = YES;
				CLANG_WARN_INT_CONVERSION = YES;
				CLANG_WARN_NON_LITERAL_NULL_CONVERSION = YES;
				CLANG_WARN_OBJC_IMPLICIT_RETAIN_SELF = YES;
				CLANG_WARN_OBJC_LITERAL_CONVERSION = YES;
				CLANG_WARN_OBJC_ROOT_CLASS = YES_ERROR;
				CLANG_WARN_RANGE_LOOP_ANALYSIS = YES;
				CLANG_WARN_STRICT_PROTOTYPES = YES;
				CLANG_WARN_SUSPICIOUS_MOVE = YES;
				CLANG_WARN_UNGUARDED_AVAILABILITY = YES_AGGRESSIVE;
				CLANG_WARN_UNREACHABLE_CODE = YES;
				CLANG_WARN__DUPLICATE_METHOD_MATCH = YES;
				COPY_PHASE_STRIP = NO;
				DEBUG_INFORMATION_FORMAT = "dwarf-with-dsym";
				ENABLE_NS_ASSERTIONS = NO;
				ENABLE_STRICT_OBJC_MSGSEND = YES;
				GCC_C_LANGUAGE_STANDARD = gnu11;
				GCC_NO_COMMON_BLOCKS = YES;
				GCC_WARN_64_TO_32_BIT_CONVERSION = YES;
				GCC_WARN_ABOUT_RETURN_TYPE = YES_ERROR;
				GCC_WARN_UNDECLARED_SELECTOR = YES;
				GCC_WARN_UNINITIALIZED_AUTOS = YES_AGGRESSIVE;
				GCC_WARN_UNUSED_FUNCTION = YES;
				GCC_WARN_UNUSED_VARIABLE = YES;
				IPHONEOS_DEPLOYMENT_TARGET = 13.2;
				MTL_ENABLE_DEBUG_INFO = NO;
				MTL_FAST_MATH = YES;
				SDKROOT = iphoneos;
				SWIFT_COMPILATION_MODE = wholemodule;
				SWIFT_OPTIMIZATION_LEVEL = "-O";
				VALIDATE_PRODUCT = YES;
			};
			name = Release;
		};
		A109514024E12CF2007AF8F5 /* Debug */ = {
			isa = XCBuildConfiguration;
			baseConfigurationReference = 57005435D171D9BA8CA9340D /* Pods-ReqresApp.debug.xcconfig */;
			buildSettings = {
				ASSETCATALOG_COMPILER_APPICON_NAME = AppIcon;
				CODE_SIGN_STYLE = Automatic;
				DEVELOPMENT_ASSET_PATHS = "\"ReqresApp/Preview Content\"";
				ENABLE_PREVIEWS = YES;
				INFOPLIST_FILE = ReqresApp/Info.plist;
				LD_RUNPATH_SEARCH_PATHS = (
					"$(inherited)",
					"@executable_path/Frameworks",
				);
				PRODUCT_BUNDLE_IDENTIFIER = sk.bumaza.ReqresApp;
				PRODUCT_NAME = "$(TARGET_NAME)";
				SWIFT_VERSION = 5.0;
				TARGETED_DEVICE_FAMILY = "1,2";
			};
			name = Debug;
		};
		A109514124E12CF2007AF8F5 /* Release */ = {
			isa = XCBuildConfiguration;
			baseConfigurationReference = EE12409A0F1E202CCFD51059 /* Pods-ReqresApp.release.xcconfig */;
			buildSettings = {
				ASSETCATALOG_COMPILER_APPICON_NAME = AppIcon;
				CODE_SIGN_STYLE = Automatic;
				DEVELOPMENT_ASSET_PATHS = "\"ReqresApp/Preview Content\"";
				ENABLE_PREVIEWS = YES;
				INFOPLIST_FILE = ReqresApp/Info.plist;
				LD_RUNPATH_SEARCH_PATHS = (
					"$(inherited)",
					"@executable_path/Frameworks",
				);
				PRODUCT_BUNDLE_IDENTIFIER = sk.bumaza.ReqresApp;
				PRODUCT_NAME = "$(TARGET_NAME)";
				SWIFT_VERSION = 5.0;
				TARGETED_DEVICE_FAMILY = "1,2";
			};
			name = Release;
		};
/* End XCBuildConfiguration section */

/* Begin XCConfigurationList section */
		A109512624E12CF1007AF8F5 /* Build configuration list for PBXProject "ReqresApp" */ = {
			isa = XCConfigurationList;
			buildConfigurations = (
				A109513D24E12CF2007AF8F5 /* Debug */,
				A109513E24E12CF2007AF8F5 /* Release */,
			);
			defaultConfigurationIsVisible = 0;
			defaultConfigurationName = Release;
		};
		A109513F24E12CF2007AF8F5 /* Build configuration list for PBXNativeTarget "ReqresApp" */ = {
			isa = XCConfigurationList;
			buildConfigurations = (
				A109514024E12CF2007AF8F5 /* Debug */,
				A109514124E12CF2007AF8F5 /* Release */,
			);
			defaultConfigurationIsVisible = 0;
			defaultConfigurationName = Release;
		};
/* End XCConfigurationList section */
	};
	rootObject = A109512324E12CF1007AF8F5 /* Project object */;
}
